
Microsoft Visual Studio Solution File, Format Version 12.00
# Visual Studio Version 16
VisualStudioVersion = 16.0.29215.179
MinimumVisualStudioVersion = 10.0.40219.1
Project("{FAE04EC0-301F-11D3-BF4B-00C04F79EFBC}") = "Group1A_Assignment", "GetFreshFood\Group1A_Assignment.csproj", "{B66E0468-22B2-414F-B505-C7733CE7D5FA}"
EndProject
Global
	GlobalSection(SolutionConfigurationPlatforms) = preSolution
		Debug|Any CPU = Debug|Any CPU
		Release|Any CPU = Release|Any CPU
	EndGlobalSection
	GlobalSection(ProjectConfigurationPlatforms) = postSolution
		{B66E0468-22B2-414F-B505-C7733CE7D5FA}.Debug|Any CPU.ActiveCfg = Debug|Any CPU
		{B66E0468-22B2-414F-B505-C7733CE7D5FA}.Debug|Any CPU.Build.0 = Debug|Any CPU
		{B66E0468-22B2-414F-B505-C7733CE7D5FA}.Release|Any CPU.ActiveCfg = Release|Any CPU
		{B66E0468-22B2-414F-B505-C7733CE7D5FA}.Release|Any CPU.Build.0 = Release|Any CPU
	EndGlobalSection
	GlobalSection(SolutionProperties) = preSolution
		HideSolutionNode = FALSE
	EndGlobalSection
	GlobalSection(ExtensibilityGlobals) = postSolution
		SolutionGuid = {05CC0EC8-8762-4606-AEBA-A855D99D3AC5}
	EndGlobalSection
EndGlobal
